
Microsoft Visual Studio Solution File, Format Version 12.00
# Visual Studio Version 16
VisualStudioVersion = 16.0.28729.10
MinimumVisualStudioVersion = 10.0.40219.1
Project("{FAE04EC0-301F-11D3-BF4B-00C04F79EFBC}") = "PaintRobot", "PaintRobot\PaintRobot.csproj", "{2138118B-AA83-40FB-859D-84476FD8B209}"
EndProject
Global
	GlobalSection(SolutionConfigurationPlatforms) = preSolution
		Debug|Any CPU = Debug|Any CPU
		Release|Any CPU = Release|Any CPU
	EndGlobalSection
	GlobalSection(ProjectConfigurationPlatforms) = postSolution
		{2138118B-AA83-40FB-859D-84476FD8B209}.Debug|Any CPU.ActiveCfg = Debug|Any CPU
		{2138118B-AA83-40FB-859D-84476FD8B209}.Debug|Any CPU.Build.0 = Debug|Any CPU
		{2138118B-AA83-40FB-859D-84476FD8B209}.Release|Any CPU.ActiveCfg = Release|Any CPU
		{2138118B-AA83-40FB-859D-84476FD8B209}.Release|Any CPU.Build.0 = Release|Any CPU
	EndGlobalSection
	GlobalSection(SolutionProperties) = preSolution
		HideSolutionNode = FALSE
	EndGlobalSection
	GlobalSection(ExtensibilityGlobals) = postSolution
		SolutionGuid = {1E6D2151-2373-49CB-9398-2C813A8DB1BA}
	EndGlobalSection
EndGlobal
